
Microsoft Visual Studio Solution File, Format Version 12.00
Project("{FAE04EC0-301F-11D3-BF4B-00C04F79EFBC}") = "Examples", "Examples\Examples.csproj", "{C4D0487F-A51C-4A61-BA1D-984FF2BD16B7}"
EndProject
Project("{2150E333-8FDC-42A3-9474-1A3956D46DE8}") = "SolutionFolder", "SolutionFolder", "{B395FEA9-FB0C-4C77-9688-1099AE404032}"
	ProjectSection(SolutionItems) = preProject
		.gitignore = .gitignore
	EndProjectSection
EndProject
Global
	GlobalSection(SolutionConfigurationPlatforms) = preSolution
		Debug|Any CPU = Debug|Any CPU
		Release|Any CPU = Release|Any CPU
	EndGlobalSection
	GlobalSection(ProjectConfigurationPlatforms) = postSolution
		{C4D0487F-A51C-4A61-BA1D-984FF2BD16B7}.Debug|Any CPU.ActiveCfg = Debug|Any CPU
		{C4D0487F-A51C-4A61-BA1D-984FF2BD16B7}.Debug|Any CPU.Build.0 = Debug|Any CPU
		{C4D0487F-A51C-4A61-BA1D-984FF2BD16B7}.Release|Any CPU.ActiveCfg = Release|Any CPU
		{C4D0487F-A51C-4A61-BA1D-984FF2BD16B7}.Release|Any CPU.Build.0 = Release|Any CPU
	EndGlobalSection
EndGlobal
